
Microsoft Visual Studio Solution File, Format Version 12.00
# Visual Studio 15
VisualStudioVersion = 15.0.27004.2005
MinimumVisualStudioVersion = 10.0.40219.1
Project("{8BC9CEB8-8B4A-11D0-8D11-00A0C91BC942}") = "FileSystemProject", "FileSystemProject\FileSystemProject.vcxproj", "{A36C2078-1C51-4766-B1B1-4302A0E1BF98}"
EndProject
Global
	GlobalSection(SolutionConfigurationPlatforms) = preSolution
		Debug|x64 = Debug|x64
		Debug|x86 = Debug|x86
		Release|x64 = Release|x64
		Release|x86 = Release|x86
	EndGlobalSection
	GlobalSection(ProjectConfigurationPlatforms) = postSolution
		{A36C2078-1C51-4766-B1B1-4302A0E1BF98}.Debug|x64.ActiveCfg = Debug|x64
		{A36C2078-1C51-4766-B1B1-4302A0E1BF98}.Debug|x64.Build.0 = Debug|x64
		{A36C2078-1C51-4766-B1B1-4302A0E1BF98}.Debug|x86.ActiveCfg = Debug|Win32
		{A36C2078-1C51-4766-B1B1-4302A0E1BF98}.Debug|x86.Build.0 = Debug|Win32
		{A36C2078-1C51-4766-B1B1-4302A0E1BF98}.Release|x64.ActiveCfg = Release|x64
		{A36C2078-1C51-4766-B1B1-4302A0E1BF98}.Release|x64.Build.0 = Release|x64
		{A36C2078-1C51-4766-B1B1-4302A0E1BF98}.Release|x86.ActiveCfg = Release|Win32
		{A36C2078-1C51-4766-B1B1-4302A0E1BF98}.Release|x86.Build.0 = Release|Win32
	EndGlobalSection
	GlobalSection(SolutionProperties) = preSolution
		HideSolutionNode = FALSE
	EndGlobalSection
	GlobalSection(ExtensibilityGlobals) = postSolution
		SolutionGuid = {56588562-DCB9-4B35-9DE4-6FBDDA006908}
	EndGlobalSection
EndGlobal
